
Microsoft Visual Studio Solution File, Format Version 12.00
# Visual Studio Version 16
VisualStudioVersion = 16.0.30804.86
MinimumVisualStudioVersion = 10.0.40219.1
Project("{FAE04EC0-301F-11D3-BF4B-00C04F79EFBC}") = "Gulyabani", "Gulyabani\Gulyabani.csproj", "{B6492BE1-1F1A-4428-971A-AE54726F4B5B}"
EndProject
Global
	GlobalSection(SolutionConfigurationPlatforms) = preSolution
		Debug|Any CPU = Debug|Any CPU
		Release|Any CPU = Release|Any CPU
	EndGlobalSection
	GlobalSection(ProjectConfigurationPlatforms) = postSolution
		{B6492BE1-1F1A-4428-971A-AE54726F4B5B}.Debug|Any CPU.ActiveCfg = Debug|Any CPU
		{B6492BE1-1F1A-4428-971A-AE54726F4B5B}.Debug|Any CPU.Build.0 = Debug|Any CPU
		{B6492BE1-1F1A-4428-971A-AE54726F4B5B}.Release|Any CPU.ActiveCfg = Release|Any CPU
		{B6492BE1-1F1A-4428-971A-AE54726F4B5B}.Release|Any CPU.Build.0 = Release|Any CPU
	EndGlobalSection
	GlobalSection(SolutionProperties) = preSolution
		HideSolutionNode = FALSE
	EndGlobalSection
	GlobalSection(ExtensibilityGlobals) = postSolution
		SolutionGuid = {933CD1C5-D44A-46D3-B5B3-F0EBD86BD662}
	EndGlobalSection
EndGlobal
